
Microsoft Visual Studio Solution File, Format Version 12.00
# Visual Studio Version 17
VisualStudioVersion = 17.2.32602.215
MinimumVisualStudioVersion = 10.0.40219.1
Project("{FAE04EC0-301F-11D3-BF4B-00C04F79EFBC}") = "GUI", "Nhom15_BaybyStore\GUI.csproj", "{B440D280-4F9B-4B32-8855-34AD796B8675}"
EndProject
Project("{FAE04EC0-301F-11D3-BF4B-00C04F79EFBC}") = "DAL", "DAL\DAL.csproj", "{AA7C4CB2-80D3-4155-B916-E8FDA3B5390B}"
EndProject
Project("{FAE04EC0-301F-11D3-BF4B-00C04F79EFBC}") = "DTO", "DTO\DTO.csproj", "{114B64D5-7961-485B-AAC3-557DEB80D2B5}"
EndProject
Project("{FAE04EC0-301F-11D3-BF4B-00C04F79EFBC}") = "BUS", "BUS\BUS.csproj", "{D62A33E0-82B2-4776-8F45-A36E7AE0416B}"
EndProject
Global
	GlobalSection(SolutionConfigurationPlatforms) = preSolution
		Debug|Any CPU = Debug|Any CPU
		Release|Any CPU = Release|Any CPU
	EndGlobalSection
	GlobalSection(ProjectConfigurationPlatforms) = postSolution
		{B440D280-4F9B-4B32-8855-34AD796B8675}.Debug|Any CPU.ActiveCfg = Debug|Any CPU
		{B440D280-4F9B-4B32-8855-34AD796B8675}.Debug|Any CPU.Build.0 = Debug|Any CPU
		{B440D280-4F9B-4B32-8855-34AD796B8675}.Release|Any CPU.ActiveCfg = Release|Any CPU
		{B440D280-4F9B-4B32-8855-34AD796B8675}.Release|Any CPU.Build.0 = Release|Any CPU
		{AA7C4CB2-80D3-4155-B916-E8FDA3B5390B}.Debug|Any CPU.ActiveCfg = Debug|Any CPU
		{AA7C4CB2-80D3-4155-B916-E8FDA3B5390B}.Debug|Any CPU.Build.0 = Debug|Any CPU
		{AA7C4CB2-80D3-4155-B916-E8FDA3B5390B}.Release|Any CPU.ActiveCfg = Release|Any CPU
		{AA7C4CB2-80D3-4155-B916-E8FDA3B5390B}.Release|Any CPU.Build.0 = Release|Any CPU
		{114B64D5-7961-485B-AAC3-557DEB80D2B5}.Debug|Any CPU.ActiveCfg = Debug|Any CPU
		{114B64D5-7961-485B-AAC3-557DEB80D2B5}.Debug|Any CPU.Build.0 = Debug|Any CPU
		{114B64D5-7961-485B-AAC3-557DEB80D2B5}.Release|Any CPU.ActiveCfg = Release|Any CPU
		{114B64D5-7961-485B-AAC3-557DEB80D2B5}.Release|Any CPU.Build.0 = Release|Any CPU
		{D62A33E0-82B2-4776-8F45-A36E7AE0416B}.Debug|Any CPU.ActiveCfg = Debug|Any CPU
		{D62A33E0-82B2-4776-8F45-A36E7AE0416B}.Debug|Any CPU.Build.0 = Debug|Any CPU
		{D62A33E0-82B2-4776-8F45-A36E7AE0416B}.Release|Any CPU.ActiveCfg = Release|Any CPU
		{D62A33E0-82B2-4776-8F45-A36E7AE0416B}.Release|Any CPU.Build.0 = Release|Any CPU
	EndGlobalSection
	GlobalSection(SolutionProperties) = preSolution
		HideSolutionNode = FALSE
	EndGlobalSection
	GlobalSection(ExtensibilityGlobals) = postSolution
		SolutionGuid = {450F5EE4-4710-4A3D-964E-74734280EE3A}
	EndGlobalSection
EndGlobal
